
Microsoft Visual Studio Solution File, Format Version 12.00
# Visual Studio Version 16
VisualStudioVersion = 16.0.29411.108
MinimumVisualStudioVersion = 10.0.40219.1
Project("{8BC9CEB8-8B4A-11D0-8D11-00A0C91BC942}") = "Moxie", "OpenGLBasics\MoxieEngine.vcxproj", "{19C200E4-5A23-4FE0-A943-5DB7BCD03309}"
EndProject
Global
	GlobalSection(SolutionConfigurationPlatforms) = preSolution
		Debug|x64 = Debug|x64
		Debug|x86 = Debug|x86
		Release|x64 = Release|x64
		Release|x86 = Release|x86
	EndGlobalSection
	GlobalSection(ProjectConfigurationPlatforms) = postSolution
		{19C200E4-5A23-4FE0-A943-5DB7BCD03309}.Debug|x64.ActiveCfg = Debug|x64
		{19C200E4-5A23-4FE0-A943-5DB7BCD03309}.Debug|x64.Build.0 = Debug|x64
		{19C200E4-5A23-4FE0-A943-5DB7BCD03309}.Debug|x86.ActiveCfg = Debug|Win32
		{19C200E4-5A23-4FE0-A943-5DB7BCD03309}.Debug|x86.Build.0 = Debug|Win32
		{19C200E4-5A23-4FE0-A943-5DB7BCD03309}.Release|x64.ActiveCfg = Release|x64
		{19C200E4-5A23-4FE0-A943-5DB7BCD03309}.Release|x64.Build.0 = Release|x64
		{19C200E4-5A23-4FE0-A943-5DB7BCD03309}.Release|x86.ActiveCfg = Release|Win32
		{19C200E4-5A23-4FE0-A943-5DB7BCD03309}.Release|x86.Build.0 = Release|Win32
	EndGlobalSection
	GlobalSection(SolutionProperties) = preSolution
		HideSolutionNode = FALSE
	EndGlobalSection
	GlobalSection(ExtensibilityGlobals) = postSolution
		SolutionGuid = {BBFFFDBD-2AA9-48DC-9762-94724E99BC58}
	EndGlobalSection
EndGlobal
